
Microsoft Visual Studio Solution File, Format Version 12.00
# Visual Studio Version 17
VisualStudioVersion = 17.1.32210.238
MinimumVisualStudioVersion = 10.0.40219.1
Project("{FAE04EC0-301F-11D3-BF4B-00C04F79EFBC}") = "LibraryApi", "LibraryApi\LibraryApi.csproj", "{C9097222-8667-4CAE-A964-520DE4511671}"
EndProject
Global
	GlobalSection(SolutionConfigurationPlatforms) = preSolution
		Debug|Any CPU = Debug|Any CPU
		Release|Any CPU = Release|Any CPU
	EndGlobalSection
	GlobalSection(ProjectConfigurationPlatforms) = postSolution
		{C9097222-8667-4CAE-A964-520DE4511671}.Debug|Any CPU.ActiveCfg = Debug|Any CPU
		{C9097222-8667-4CAE-A964-520DE4511671}.Debug|Any CPU.Build.0 = Debug|Any CPU
		{C9097222-8667-4CAE-A964-520DE4511671}.Release|Any CPU.ActiveCfg = Release|Any CPU
		{C9097222-8667-4CAE-A964-520DE4511671}.Release|Any CPU.Build.0 = Release|Any CPU
	EndGlobalSection
	GlobalSection(SolutionProperties) = preSolution
		HideSolutionNode = FALSE
	EndGlobalSection
	GlobalSection(ExtensibilityGlobals) = postSolution
		SolutionGuid = {34DFC23C-A4A2-4C5D-89F5-411B109D3AB2}
	EndGlobalSection
EndGlobal
